# THIS IS AN AUTOGENERATED FILE. DO NOT EDIT THIS FILE DIRECTLY.
# yarn lockfile v1


"@aws-cdk/assets@1.41.0":
  version "1.41.0"
  resolved "https://registry.yarnpkg.com/@aws-cdk/assets/-/assets-1.41.0.tgz#ac48e4a17603fd1b43f8f07cc308c75a70cb34e6"
  integrity sha512-2Nz7MzO0k/HJwmeLCNMqs1feIFVCiII0AbXTgfTuHZ/IO2fZ0hRrYPr5lr/SCBLjPj6U5OtwMmKo4xt2U5qY0Q==
  dependencies:
    "@aws-cdk/core" "1.41.0"
    "@aws-cdk/cx-api" "1.41.0"
    constructs "^3.0.2"

"@aws-cdk/aws-applicationautoscaling@1.41.0":
  version "1.41.0"
  resolved "https://registry.yarnpkg.com/@aws-cdk/aws-applicationautoscaling/-/aws-applicationautoscaling-1.41.0.tgz#be65759b39c88eea4bfb3e2874e14e9efcf922b8"
  integrity sha512-K0nmvEVlCLSO0K/8Np0Do8biMpetpBxbQqS6i9I6B4U/r8m5QAgU8UhEo0zYygDbiyWsTEne7zPI679hvQhxhQ==
  dependencies:
    "@aws-cdk/aws-autoscaling-common" "1.41.0"
    "@aws-cdk/aws-cloudwatch" "1.41.0"
    "@aws-cdk/aws-iam" "1.41.0"
    "@aws-cdk/core" "1.41.0"
    constructs "^3.0.2"

"@aws-cdk/aws-autoscaling-common@1.41.0":
  version "1.41.0"
  resolved "https://registry.yarnpkg.com/@aws-cdk/aws-autoscaling-common/-/aws-autoscaling-common-1.41.0.tgz#e9f07efb8bb498e0076c620e712630191f33b0d9"
  integrity sha512-fMlAz7cJUv+thVnUssG+/zL8th/vJob0NlkY/E4dXn9i9OkYtvF7SN5ek2Eki/t/iSfemYEKqX/LWWolfUfozw==
  dependencies:
    "@aws-cdk/aws-iam" "1.41.0"
    "@aws-cdk/core" "1.41.0"
    constructs "^3.0.2"

"@aws-cdk/aws-certificatemanager@1.41.0":
  version "1.41.0"
  resolved "https://registry.yarnpkg.com/@aws-cdk/aws-certificatemanager/-/aws-certificatemanager-1.41.0.tgz#0a90f3a5d30bec324e2cd9d29594113a0e8cd723"
  integrity sha512-h2RnymJugNHkc3NAjARrUoR4AKMxqa+zVNbWX47vqoTCTGdlwScQu21h5+O0apFUU1hbtHlcDq7GAkaGLN6yGw==
  dependencies:
    "@aws-cdk/aws-iam" "1.41.0"
    "@aws-cdk/aws-lambda" "1.41.0"
    "@aws-cdk/aws-route53" "1.41.0"
    "@aws-cdk/core" "1.41.0"
    constructs "^3.0.2"

"@aws-cdk/aws-cloudformation@1.41.0":
  version "1.41.0"
  resolved "https://registry.yarnpkg.com/@aws-cdk/aws-cloudformation/-/aws-cloudformation-1.41.0.tgz#d5e94eceb0a47192f94db4f3fbde9e9a9a3f63a2"
  integrity sha512-kg2bXC3MPdM46NgaVYZLsvTRg7dZ4ZoDR//vMXQUrCzncM3cCJUayWc4VkmqIfV8x6L3n1nzokmNX+i8FA3WKw==
  dependencies:
    "@aws-cdk/aws-iam" "1.41.0"
    "@aws-cdk/aws-lambda" "1.41.0"
    "@aws-cdk/aws-s3" "1.41.0"
    "@aws-cdk/aws-sns" "1.41.0"
    "@aws-cdk/core" "1.41.0"
    "@aws-cdk/cx-api" "1.41.0"
    constructs "^3.0.2"

"@aws-cdk/aws-cloudfront@1.41.0", "@aws-cdk/aws-cloudfront@^1.32.2":
  version "1.41.0"
  resolved "https://registry.yarnpkg.com/@aws-cdk/aws-cloudfront/-/aws-cloudfront-1.41.0.tgz#171262f992fbb91e04566122452030b67add22c1"
  integrity sha512-T+26stl2M4EjDyE6AqqjdM+0FWrofZlhklgYOjt+TOEgFDAE/OYbCJAR+MFZaC2OFEikq28MW4Qma+JpKelKsw==
  dependencies:
    "@aws-cdk/aws-certificatemanager" "1.41.0"
    "@aws-cdk/aws-iam" "1.41.0"
    "@aws-cdk/aws-kms" "1.41.0"
    "@aws-cdk/aws-lambda" "1.41.0"
    "@aws-cdk/aws-s3" "1.41.0"
    "@aws-cdk/core" "1.41.0"
    constructs "^3.0.2"

"@aws-cdk/aws-cloudwatch@1.41.0":
  version "1.41.0"
  resolved "https://registry.yarnpkg.com/@aws-cdk/aws-cloudwatch/-/aws-cloudwatch-1.41.0.tgz#a8068bfd80bc0bed19d52314c1c2cc2fdb2b0cb8"
  integrity sha512-fIEzfzkCDZRHH63pMKuc5+CaAKS2pskscLIETEGz1OOCjAS6Wfy955n6UFtbQa+vpr0koGPTx6AmVn5n28N7Uw==
  dependencies:
    "@aws-cdk/aws-iam" "1.41.0"
    "@aws-cdk/core" "1.41.0"
    constructs "^3.0.2"

"@aws-cdk/aws-dynamodb@^1.32.2":
  version "1.41.0"
  resolved "https://registry.yarnpkg.com/@aws-cdk/aws-dynamodb/-/aws-dynamodb-1.41.0.tgz#53855dce746f415cd8567b40d7be0c765d83e11a"
  integrity sha512-40DfoXn2MjUvib0le3E6k2YX6+JsGPGR6CFPIl/p95F4E/0uPHOmDDBAeYf/Y0W1SkWAkrTFBbRq2FBzFCrRLQ==
  dependencies:
    "@aws-cdk/aws-applicationautoscaling" "1.41.0"
    "@aws-cdk/aws-cloudwatch" "1.41.0"
    "@aws-cdk/aws-iam" "1.41.0"
    "@aws-cdk/aws-kms" "1.41.0"
    "@aws-cdk/aws-lambda" "1.41.0"
    "@aws-cdk/core" "1.41.0"
    "@aws-cdk/custom-resources" "1.41.0"
    constructs "^3.0.2"

"@aws-cdk/aws-ec2@1.41.0":
  version "1.41.0"
  resolved "https://registry.yarnpkg.com/@aws-cdk/aws-ec2/-/aws-ec2-1.41.0.tgz#e41c09ae5302c20269c622ee5752fa74ae23e5cf"
  integrity sha512-DWxmAlSDjZngYn4XENicvOv24wRBEfCVOwQLeo9gVkhj7r8KhdMB2CNSRN+kAzYVZYpBFcDRE52gsd0CMRy/1g==
  dependencies:
    "@aws-cdk/aws-cloudwatch" "1.41.0"
    "@aws-cdk/aws-iam" "1.41.0"
    "@aws-cdk/aws-logs" "1.41.0"
    "@aws-cdk/aws-s3" "1.41.0"
    "@aws-cdk/aws-ssm" "1.41.0"
    "@aws-cdk/cloud-assembly-schema" "1.41.0"
    "@aws-cdk/core" "1.41.0"
    "@aws-cdk/cx-api" "1.41.0"
    "@aws-cdk/region-info" "1.41.0"
    constructs "^3.0.2"

"@aws-cdk/aws-events@1.41.0":
  version "1.41.0"
  resolved "https://registry.yarnpkg.com/@aws-cdk/aws-events/-/aws-events-1.41.0.tgz#01138ac1da6d27d4181575db4c97f88398487a9f"
  integrity sha512-1D4ATsE3rnUATlv2VdJod9bXmNxl7x+YJgcWPd2KLU7gXPxyAb7zCG0QeUDcBagKLD2OHjpeXNo/3tpH7ZbEtA==
  dependencies:
    "@aws-cdk/aws-iam" "1.41.0"
    "@aws-cdk/core" "1.41.0"
    constructs "^3.0.2"

"@aws-cdk/aws-iam@1.41.0":
  version "1.41.0"
  resolved "https://registry.yarnpkg.com/@aws-cdk/aws-iam/-/aws-iam-1.41.0.tgz#b9f8fd0e0791b76a849367045a79974cda1fef2b"
  integrity sha512-1pblFd9JPOqChNyMMlTFf5VdYfXeysuokJhDJE+udZGlxgb8yqQiAmukuB0BdueJsaHVQdyQOz5QenPN5bUvUw==
  dependencies:
    "@aws-cdk/core" "1.41.0"
    "@aws-cdk/region-info" "1.41.0"
    constructs "^3.0.2"

"@aws-cdk/aws-kms@1.41.0":
  version "1.41.0"
  resolved "https://registry.yarnpkg.com/@aws-cdk/aws-kms/-/aws-kms-1.41.0.tgz#5cb286813e502cd9eb17e570be7b6b4368acaddd"
  integrity sha512-YZZ7ACKMTeCd7NLLPmaZ8eMba4La9HvShQbSvqzU9fixVh5DfLFFGyj/BhWZ1Mx7lLFWG4PCJHMyR8TFELcU5w==
  dependencies:
    "@aws-cdk/aws-iam" "1.41.0"
    "@aws-cdk/core" "1.41.0"
    constructs "^3.0.2"

"@aws-cdk/aws-lambda@1.41.0", "@aws-cdk/aws-lambda@^1.32.2":
  version "1.41.0"
  resolved "https://registry.yarnpkg.com/@aws-cdk/aws-lambda/-/aws-lambda-1.41.0.tgz#be31c46a48906951252e8892966b2f0ebdb94d47"
  integrity sha512-uQyaWcyjTvnnjBeJ0qzc8qRujYt68kv3TVtOKqlRbrIA97wy6pt4QhKinHuF8me96OfsdkIxNyfelr0QN0tHTg==
  dependencies:
    "@aws-cdk/aws-cloudwatch" "1.41.0"
    "@aws-cdk/aws-ec2" "1.41.0"
    "@aws-cdk/aws-events" "1.41.0"
    "@aws-cdk/aws-iam" "1.41.0"
    "@aws-cdk/aws-logs" "1.41.0"
    "@aws-cdk/aws-s3" "1.41.0"
    "@aws-cdk/aws-s3-assets" "1.41.0"
    "@aws-cdk/aws-sqs" "1.41.0"
    "@aws-cdk/core" "1.41.0"
    "@aws-cdk/cx-api" "1.41.0"
    constructs "^3.0.2"

"@aws-cdk/aws-logs@1.41.0":
  version "1.41.0"
  resolved "https://registry.yarnpkg.com/@aws-cdk/aws-logs/-/aws-logs-1.41.0.tgz#a730e4ae8f3f11a4640909b2d44e9815dbe7de82"
  integrity sha512-P8eSzGiXOEMMoc0DGP1bK1t+3F1k2LmqKh0AFPJTvo/ZXUBFvEnY+gWcLs83bx4u3mEjlqXi/o5BRa7EJkkHow==
  dependencies:
    "@aws-cdk/aws-cloudwatch" "1.41.0"
    "@aws-cdk/aws-iam" "1.41.0"
    "@aws-cdk/core" "1.41.0"
    constructs "^3.0.2"

"@aws-cdk/aws-route53@1.41.0":
  version "1.41.0"
  resolved "https://registry.yarnpkg.com/@aws-cdk/aws-route53/-/aws-route53-1.41.0.tgz#e25cbc61368f39da450b81b8cbb5186fff9b7345"
  integrity sha512-llp53PbiqJXNsd1W4xJgWndY122AkqSQWdUhV07KpJEVmRwo6yzvbHcM2/m5kSWqwNtZQZOsNx7t57gRVsjffQ==
  dependencies:
    "@aws-cdk/aws-ec2" "1.41.0"
    "@aws-cdk/aws-logs" "1.41.0"
    "@aws-cdk/cloud-assembly-schema" "1.41.0"
    "@aws-cdk/core" "1.41.0"
    constructs "^3.0.2"

"@aws-cdk/aws-s3-assets@1.41.0":
  version "1.41.0"
  resolved "https://registry.yarnpkg.com/@aws-cdk/aws-s3-assets/-/aws-s3-assets-1.41.0.tgz#40d27cae6a3facb0d2d0bf1da8e0ddb302e09960"
  integrity sha512-hGt+7qEkGz6CMLi47ZSzonKcRThLC2ma/DMrQbbF0ikeupPLK2SsRQ4EIadH69zGr6fz8u0wbWPfMaJGgESolQ==
  dependencies:
    "@aws-cdk/assets" "1.41.0"
    "@aws-cdk/aws-iam" "1.41.0"
    "@aws-cdk/aws-s3" "1.41.0"
    "@aws-cdk/core" "1.41.0"
    "@aws-cdk/cx-api" "1.41.0"
    constructs "^3.0.2"

"@aws-cdk/aws-s3-deployment@^1.32.2":
  version "1.41.0"
  resolved "https://registry.yarnpkg.com/@aws-cdk/aws-s3-deployment/-/aws-s3-deployment-1.41.0.tgz#f739b48be5277f2ec0bb8d087f10a393136be7a1"
  integrity sha512-YcurMrLMqhwf/fPeyAwCO/kCbetpriN+ny9QvSIEWrzdPVc+eN1q7I7Jf67fVjIy2Calv7eRhsAAAe4s8OYHrw==
  dependencies:
    "@aws-cdk/aws-cloudfront" "1.41.0"
    "@aws-cdk/aws-iam" "1.41.0"
    "@aws-cdk/aws-lambda" "1.41.0"
    "@aws-cdk/aws-s3" "1.41.0"
    "@aws-cdk/aws-s3-assets" "1.41.0"
    "@aws-cdk/core" "1.41.0"
    constructs "^3.0.2"

"@aws-cdk/aws-s3@1.41.0", "@aws-cdk/aws-s3@^1.32.2":
  version "1.41.0"
  resolved "https://registry.yarnpkg.com/@aws-cdk/aws-s3/-/aws-s3-1.41.0.tgz#27da9f94632a880f380a20647810c23ab291b395"
  integrity sha512-B7uhPOLqUx5xkpF7YX0E5mwjYM0wZQLkT5Jh/cGohPKwfMlGELjmNjeudC5naImTqL0a6VflXza7+d+4lVLdFw==
  dependencies:
    "@aws-cdk/aws-events" "1.41.0"
    "@aws-cdk/aws-iam" "1.41.0"
    "@aws-cdk/aws-kms" "1.41.0"
    "@aws-cdk/core" "1.41.0"
    constructs "^3.0.2"

"@aws-cdk/aws-sns@1.41.0":
  version "1.41.0"
  resolved "https://registry.yarnpkg.com/@aws-cdk/aws-sns/-/aws-sns-1.41.0.tgz#428c312f4632f7c9a393e11f4eae44c49dbea87d"
  integrity sha512-+tvtIuYah8tVsEOJ8+8+UqEils/H7VEBqV0FBO5K0yjKO6b4QLiRFB+GviZA6kJ0p8uUBzZl7RYkjMyS2cYN7w==
  dependencies:
    "@aws-cdk/aws-cloudwatch" "1.41.0"
    "@aws-cdk/aws-events" "1.41.0"
    "@aws-cdk/aws-iam" "1.41.0"
    "@aws-cdk/aws-kms" "1.41.0"
    "@aws-cdk/aws-sqs" "1.41.0"
    "@aws-cdk/core" "1.41.0"
    constructs "^3.0.2"

"@aws-cdk/aws-sqs@1.41.0":
  version "1.41.0"
  resolved "https://registry.yarnpkg.com/@aws-cdk/aws-sqs/-/aws-sqs-1.41.0.tgz#6a99cb78a34b4a8b3223f2d6e53fc617e36ca125"
  integrity sha512-03wf4Rort6jlmx/xrNUN2ld/5KmuyEw28jyL7dDFVsfGglXw69bPjuRMtTWkSfbYWPbFlGbKR16IiyKzRFF4oA==
  dependencies:
    "@aws-cdk/aws-cloudwatch" "1.41.0"
    "@aws-cdk/aws-iam" "1.41.0"
    "@aws-cdk/aws-kms" "1.41.0"
    "@aws-cdk/core" "1.41.0"
    constructs "^3.0.2"

"@aws-cdk/aws-ssm@1.41.0":
  version "1.41.0"
  resolved "https://registry.yarnpkg.com/@aws-cdk/aws-ssm/-/aws-ssm-1.41.0.tgz#27a4e3d446d245fe1e1d348cc53bdc8e511b2166"
  integrity sha512-w43rka1ltQp2myR3u5mM/E7uNwmf7k5tvSgLoHQcU/p5iIPCL+R5ZvrJlOTaGRjRZlzq+CGt4+QKOSZveUtG9A==
  dependencies:
    "@aws-cdk/aws-iam" "1.41.0"
    "@aws-cdk/aws-kms" "1.41.0"
    "@aws-cdk/cloud-assembly-schema" "1.41.0"
    "@aws-cdk/core" "1.41.0"
    constructs "^3.0.2"

"@aws-cdk/cdk-assets-schema@1.41.0":
  version "1.41.0"
  resolved "https://registry.yarnpkg.com/@aws-cdk/cdk-assets-schema/-/cdk-assets-schema-1.41.0.tgz#0c42e188149a0ab25eea495098f2adafb6413c4d"
  integrity sha512-lB/YAnoYoTq09Z5DAzg3eLJQZwkyFIopYg2a5Y1GlpDfgRoNAxb0rjgDfp68dVeBbisID2AfczdVv6Mhq/xzFQ==
  dependencies:
    semver "^7.2.2"

"@aws-cdk/cloud-assembly-schema@1.41.0":
  version "1.41.0"
  resolved "https://registry.yarnpkg.com/@aws-cdk/cloud-assembly-schema/-/cloud-assembly-schema-1.41.0.tgz#7e5f96069881ef9aa24efaef79a3101850d79e78"
  integrity sha512-13uULbrkiO07KEhn2E77QgfFjq2qrrR4sevi85hVgwCo0QN5ZWyYJzyWpVphaXRcY2vTHUI+/KgFtgwDMdplqQ==
  dependencies:
    jsonschema "^1.2.5"
    semver "^7.2.2"

"@aws-cdk/core@1.41.0", "@aws-cdk/core@^1.32.2":
  version "1.41.0"
  resolved "https://registry.yarnpkg.com/@aws-cdk/core/-/core-1.41.0.tgz#bda0f07ea38687f699c62e02f6cb08edcfd75d23"
  integrity sha512-6hHNpXA7tbceOKxIeVnRCKVKZe7Bf/bZ/UgqB7/XcdAxdn8HIvo/lY3cb64zqRL3b04pjsvgoF/8wU92edj/uA==
  dependencies:
    "@aws-cdk/cdk-assets-schema" "1.41.0"
    "@aws-cdk/cloud-assembly-schema" "1.41.0"
    "@aws-cdk/cx-api" "1.41.0"
    constructs "^3.0.2"
    minimatch "^3.0.4"

"@aws-cdk/custom-resources@1.41.0":
  version "1.41.0"
  resolved "https://registry.yarnpkg.com/@aws-cdk/custom-resources/-/custom-resources-1.41.0.tgz#ab0b48d02ef2b8dc77c0e4479285287dd3088d8b"
  integrity sha512-hXdsyoGR4SnQfHi3S7HMH4qToOYVCB7ofv18CFvsUHxxdq42gUeoXboWUdPCFDi/gEHhoShEeccVeakQrOAaMA==
  dependencies:
    "@aws-cdk/aws-cloudformation" "1.41.0"
    "@aws-cdk/aws-iam" "1.41.0"
    "@aws-cdk/aws-lambda" "1.41.0"
    "@aws-cdk/aws-logs" "1.41.0"
    "@aws-cdk/aws-sns" "1.41.0"
    "@aws-cdk/core" "1.41.0"
    constructs "^3.0.2"

"@aws-cdk/cx-api@1.41.0":
  version "1.41.0"
  resolved "https://registry.yarnpkg.com/@aws-cdk/cx-api/-/cx-api-1.41.0.tgz#0891c7e8e9d7144f2d31fa0ac701b0db80873784"
  integrity sha512-rX0EVVkCAeDvmJMMolRLeHCOufKEMuBvIkc8E7PV9zgQCqKuV5MV7sZ5cXWDiE8kbPGQx8B6ipsDvRwi5Z7//Q==
  dependencies:
    "@aws-cdk/cloud-assembly-schema" "1.41.0"
    semver "^7.2.2"

"@aws-cdk/region-info@1.41.0":
  version "1.41.0"
  resolved "https://registry.yarnpkg.com/@aws-cdk/region-info/-/region-info-1.41.0.tgz#02800320b5ac9e17a0a1f2b067580cabf3b114b6"
  integrity sha512-NjeVkpK/dnhK+JPDzkrTCtA5GANs28DtitvlVVDbO8JKYGMTZbjqznS2LyuMP3Idx82lCJ8eL6zstMiQaTmBaw==

balanced-match@^1.0.0:
  version "1.0.0"
  resolved "https://registry.yarnpkg.com/balanced-match/-/balanced-match-1.0.0.tgz#89b4d199ab2bee49de164ea02b89ce462d71b767"
  integrity sha1-ibTRmasr7kneFk6gK4nORi1xt2c=

brace-expansion@^1.1.7:
  version "1.1.11"
  resolved "https://registry.yarnpkg.com/brace-expansion/-/brace-expansion-1.1.11.tgz#3c7fcbf529d87226f3d2f52b966ff5271eb441dd"
  integrity sha512-iCuPHDFgrHX7H2vEI/5xpz07zSHB00TpugqhmYtVmMO6518mCuRMoOYFldEBl0g187ufozdaHgWKcYFb61qGiA==
  dependencies:
    balanced-match "^1.0.0"
    concat-map "0.0.1"

concat-map@0.0.1:
  version "0.0.1"
  resolved "https://registry.yarnpkg.com/concat-map/-/concat-map-0.0.1.tgz#d8a96bd77fd68df7793a73036a3ba0d5405d477b"
  integrity sha1-2Klr13/Wjfd5OnMDajug1UBdR3s=

constructs@^3.0.2:
  version "3.0.3"
  resolved "https://registry.yarnpkg.com/constructs/-/constructs-3.0.3.tgz#76687d6e3783b0b6864d72aaae5b0bacd824d52e"
  integrity sha512-JrYLpTlz92Un1jxkwoGiOiGoDjzIWtxo64sLC5FD4mQN1H9mAqZNvgxWYWaJIiWUXNkl5L5sO3GFf6peTj7UMQ==

jsonschema@^1.2.5:
  version "1.2.6"
  resolved "https://registry.yarnpkg.com/jsonschema/-/jsonschema-1.2.6.tgz#52b0a8e9dc06bbae7295249d03e4b9faee8a0c0b"
  integrity sha512-SqhURKZG07JyKKeo/ir24QnS4/BV7a6gQy93bUSe4lUdNp0QNpIz2c9elWJQ9dpc5cQYY6cvCzgRwy0MQCLyqA==

minimatch@^3.0.4:
  version "3.0.4"
  resolved "https://registry.yarnpkg.com/minimatch/-/minimatch-3.0.4.tgz#5166e286457f03306064be5497e8dbb0c3d32083"
  integrity sha512-yJHVQEhyqPLUTgt9B83PXu6W3rx4MvvHvSUvToogpwoGDOUQ+yDrR0HRot+yOCdCO7u4hX3pWft6kWBBcqh0UA==
  dependencies:
    brace-expansion "^1.1.7"

semver@^7.2.2:
  version "7.3.2"
  resolved "https://registry.yarnpkg.com/semver/-/semver-7.3.2.tgz#604962b052b81ed0786aae84389ffba70ffd3938"
  integrity sha512-OrOb32TeeambH6UrhtShmF7CRDqhL6/5XpPNp2DuRH6+9QLw/orhp72j87v8Qa1ScDkvrrBNpZcDejAirJmfXQ==
